
Microsoft Visual Studio Solution File, Format Version 12.00
# Visual Studio Version 17
VisualStudioVersion = 17.2.32505.173
MinimumVisualStudioVersion = 10.0.40219.1
Project("{FAE04EC0-301F-11D3-BF4B-00C04F79EFBC}") = "Life", "Life\Life.csproj", "{87B60E34-7484-4876-95ED-9DEC11AD0BEC}"
EndProject
Project("{FAE04EC0-301F-11D3-BF4B-00C04F79EFBC}") = "Life.Core", "Life.Core\Life.Core.csproj", "{D5F8B4A2-7D86-4C3D-85B9-DBA5B3C708EB}"
EndProject
Global
	GlobalSection(SolutionConfigurationPlatforms) = preSolution
		Debug|Any CPU = Debug|Any CPU
		Release|Any CPU = Release|Any CPU
	EndGlobalSection
	GlobalSection(ProjectConfigurationPlatforms) = postSolution
		{87B60E34-7484-4876-95ED-9DEC11AD0BEC}.Debug|Any CPU.ActiveCfg = Debug|Any CPU
		{87B60E34-7484-4876-95ED-9DEC11AD0BEC}.Debug|Any CPU.Build.0 = Debug|Any CPU
		{87B60E34-7484-4876-95ED-9DEC11AD0BEC}.Release|Any CPU.ActiveCfg = Release|Any CPU
		{87B60E34-7484-4876-95ED-9DEC11AD0BEC}.Release|Any CPU.Build.0 = Release|Any CPU
		{D5F8B4A2-7D86-4C3D-85B9-DBA5B3C708EB}.Debug|Any CPU.ActiveCfg = Debug|Any CPU
		{D5F8B4A2-7D86-4C3D-85B9-DBA5B3C708EB}.Debug|Any CPU.Build.0 = Debug|Any CPU
		{D5F8B4A2-7D86-4C3D-85B9-DBA5B3C708EB}.Release|Any CPU.ActiveCfg = Release|Any CPU
		{D5F8B4A2-7D86-4C3D-85B9-DBA5B3C708EB}.Release|Any CPU.Build.0 = Release|Any CPU
	EndGlobalSection
	GlobalSection(SolutionProperties) = preSolution
		HideSolutionNode = FALSE
	EndGlobalSection
	GlobalSection(ExtensibilityGlobals) = postSolution
		SolutionGuid = {11A9198D-FE18-43CB-855C-82D649679F9C}
	EndGlobalSection
EndGlobal
